// !$*UTF8*$!
{
	archiveVersion = 1;
	classes = {
	};
	objectVersion = 56;
	objects = {

/* Begin PBXBuildFile section */
		1854698C2C4C0B2100AD9144 /* Tab.swift in Sources */ = {isa = PBXBuildFile; fileRef = 1854698B2C4C0B2100AD9144 /* Tab.swift */; };
		1854698E2C4C533800AD9144 /* ProfileView.swift in Sources */ = {isa = PBXBuildFile; fileRef = 1854698D2C4C533800AD9144 /* ProfileView.swift */; };
		185469902C4C5E1B00AD9144 /* DivideListView.swift in Sources */ = {isa = PBXBuildFile; fileRef = 1854698F2C4C5E1B00AD9144 /* DivideListView.swift */; };
		849C59282C455A0700A90AB3 /* DivideSmartApp.swift in Sources */ = {isa = PBXBuildFile; fileRef = 849C59272C455A0700A90AB3 /* DivideSmartApp.swift */; };
		849C592A2C455A0700A90AB3 /* ContentView.swift in Sources */ = {isa = PBXBuildFile; fileRef = 849C59292C455A0700A90AB3 /* ContentView.swift */; };
		849C592E2C455A0800A90AB3 /* Assets.xcassets in Resources */ = {isa = PBXBuildFile; fileRef = 849C592D2C455A0800A90AB3 /* Assets.xcassets */; };
		849C59312C455A0800A90AB3 /* Preview Assets.xcassets in Resources */ = {isa = PBXBuildFile; fileRef = 849C59302C455A0800A90AB3 /* Preview Assets.xcassets */; };
		849C593B2C455A0800A90AB3 /* DivideSmartTests.swift in Sources */ = {isa = PBXBuildFile; fileRef = 849C593A2C455A0800A90AB3 /* DivideSmartTests.swift */; };
		849C59452C455A0800A90AB3 /* DivideSmartUITests.swift in Sources */ = {isa = PBXBuildFile; fileRef = 849C59442C455A0800A90AB3 /* DivideSmartUITests.swift */; };
		849C59472C455A0800A90AB3 /* DivideSmartUITestsLaunchTests.swift in Sources */ = {isa = PBXBuildFile; fileRef = 849C59462C455A0800A90AB3 /* DivideSmartUITestsLaunchTests.swift */; };
/* End PBXBuildFile section */

/* Begin PBXContainerItemProxy section */
		849C59372C455A0800A90AB3 /* PBXContainerItemProxy */ = {
			isa = PBXContainerItemProxy;
			containerPortal = 849C591C2C455A0700A90AB3 /* Project object */;
			proxyType = 1;
			remoteGlobalIDString = 849C59232C455A0700A90AB3;
			remoteInfo = DivideSmart;
		};
		849C59412C455A0800A90AB3 /* PBXContainerItemProxy */ = {
			isa = PBXContainerItemProxy;
			containerPortal = 849C591C2C455A0700A90AB3 /* Project object */;
			proxyType = 1;
			remoteGlobalIDString = 849C59232C455A0700A90AB3;
			remoteInfo = DivideSmart;
		};
/* End PBXContainerItemProxy section */

/* Begin PBXFileReference section */
		1854698B2C4C0B2100AD9144 /* Tab.swift */ = {isa = PBXFileReference; lastKnownFileType = sourcecode.swift; path = Tab.swift; sourceTree = "<group>"; };
		1854698D2C4C533800AD9144 /* ProfileView.swift */ = {isa = PBXFileReference; lastKnownFileType = sourcecode.swift; path = ProfileView.swift; sourceTree = "<group>"; };
		1854698F2C4C5E1B00AD9144 /* DivideListView.swift */ = {isa = PBXFileReference; lastKnownFileType = sourcecode.swift; path = DivideListView.swift; sourceTree = "<group>"; };
		849C59242C455A0700A90AB3 /* DivideSmart.app */ = {isa = PBXFileReference; explicitFileType = wrapper.application; includeInIndex = 0; path = DivideSmart.app; sourceTree = BUILT_PRODUCTS_DIR; };
		849C59272C455A0700A90AB3 /* DivideSmartApp.swift */ = {isa = PBXFileReference; lastKnownFileType = sourcecode.swift; path = DivideSmartApp.swift; sourceTree = "<group>"; };
		849C59292C455A0700A90AB3 /* ContentView.swift */ = {isa = PBXFileReference; lastKnownFileType = sourcecode.swift; path = ContentView.swift; sourceTree = "<group>"; };
		849C592D2C455A0800A90AB3 /* Assets.xcassets */ = {isa = PBXFileReference; lastKnownFileType = folder.assetcatalog; path = Assets.xcassets; sourceTree = "<group>"; };
		849C59302C455A0800A90AB3 /* Preview Assets.xcassets */ = {isa = PBXFileReference; lastKnownFileType = folder.assetcatalog; path = "Preview Assets.xcassets"; sourceTree = "<group>"; };
		849C59362C455A0800A90AB3 /* DivideSmartTests.xctest */ = {isa = PBXFileReference; explicitFileType = wrapper.cfbundle; includeInIndex = 0; path = DivideSmartTests.xctest; sourceTree = BUILT_PRODUCTS_DIR; };
		849C593A2C455A0800A90AB3 /* DivideSmartTests.swift */ = {isa = PBXFileReference; lastKnownFileType = sourcecode.swift; path = DivideSmartTests.swift; sourceTree = "<group>"; };
		849C59402C455A0800A90AB3 /* DivideSmartUITests.xctest */ = {isa = PBXFileReference; explicitFileType = wrapper.cfbundle; includeInIndex = 0; path = DivideSmartUITests.xctest; sourceTree = BUILT_PRODUCTS_DIR; };
		849C59442C455A0800A90AB3 /* DivideSmartUITests.swift */ = {isa = PBXFileReference; lastKnownFileType = sourcecode.swift; path = DivideSmartUITests.swift; sourceTree = "<group>"; };
		849C59462C455A0800A90AB3 /* DivideSmartUITestsLaunchTests.swift */ = {isa = PBXFileReference; lastKnownFileType = sourcecode.swift; path = DivideSmartUITestsLaunchTests.swift; sourceTree = "<group>"; };
/* End PBXFileReference section */

/* Begin PBXFrameworksBuildPhase section */
		849C59212C455A0700A90AB3 /* Frameworks */ = {
			isa = PBXFrameworksBuildPhase;
			buildActionMask = 2147483647;
			files = (
			);
			runOnlyForDeploymentPostprocessing = 0;
		};
		849C59332C455A0800A90AB3 /* Frameworks */ = {
			isa = PBXFrameworksBuildPhase;
			buildActionMask = 2147483647;
			files = (
			);
			runOnlyForDeploymentPostprocessing = 0;
		};
		849C593D2C455A0800A90AB3 /* Frameworks */ = {
			isa = PBXFrameworksBuildPhase;
			buildActionMask = 2147483647;
			files = (
			);
			runOnlyForDeploymentPostprocessing = 0;
		};
/* End PBXFrameworksBuildPhase section */

/* Begin PBXGroup section */
		18940FCE2C4FBEAE00AECA57 /* Frameworks */ = {
			isa = PBXGroup;
			children = (
			);
			name = Frameworks;
			sourceTree = "<group>";
		};
		849C591B2C455A0700A90AB3 = {
			isa = PBXGroup;
			children = (
				849C59262C455A0700A90AB3 /* DivideSmart */,
				849C59392C455A0800A90AB3 /* DivideSmartTests */,
				849C59432C455A0800A90AB3 /* DivideSmartUITests */,
				849C59252C455A0700A90AB3 /* Products */,
				18940FCE2C4FBEAE00AECA57 /* Frameworks */,
			);
			sourceTree = "<group>";
		};
		849C59252C455A0700A90AB3 /* Products */ = {
			isa = PBXGroup;
			children = (
				849C59242C455A0700A90AB3 /* DivideSmart.app */,
				849C59362C455A0800A90AB3 /* DivideSmartTests.xctest */,
				849C59402C455A0800A90AB3 /* DivideSmartUITests.xctest */,
			);
			name = Products;
			sourceTree = "<group>";
		};
		849C59262C455A0700A90AB3 /* DivideSmart */ = {
			isa = PBXGroup;
			children = (
				849C59272C455A0700A90AB3 /* DivideSmartApp.swift */,
				849C59292C455A0700A90AB3 /* ContentView.swift */,
				849C592D2C455A0800A90AB3 /* Assets.xcassets */,
				849C592F2C455A0800A90AB3 /* Preview Content */,
				1854698B2C4C0B2100AD9144 /* Tab.swift */,
				1854698D2C4C533800AD9144 /* ProfileView.swift */,
				1854698F2C4C5E1B00AD9144 /* DivideListView.swift */,
			);
			path = DivideSmart;
			sourceTree = "<group>";
		};
		849C592F2C455A0800A90AB3 /* Preview Content */ = {
			isa = PBXGroup;
			children = (
				849C59302C455A0800A90AB3 /* Preview Assets.xcassets */,
			);
			path = "Preview Content";
			sourceTree = "<group>";
		};
		849C59392C455A0800A90AB3 /* DivideSmartTests */ = {
			isa = PBXGroup;
			children = (
				849C593A2C455A0800A90AB3 /* DivideSmartTests.swift */,
			);
			path = DivideSmartTests;
			sourceTree = "<group>";
		};
		849C59432C455A0800A90AB3 /* DivideSmartUITests */ = {
			isa = PBXGroup;
			children = (
				849C59442C455A0800A90AB3 /* DivideSmartUITests.swift */,
				849C59462C455A0800A90AB3 /* DivideSmartUITestsLaunchTests.swift */,
			);
			path = DivideSmartUITests;
			sourceTree = "<group>";
		};
/* End PBXGroup section */

/* Begin PBXNativeTarget section */
		849C59232C455A0700A90AB3 /* DivideSmart */ = {
			isa = PBXNativeTarget;
			buildConfigurationList = 849C594A2C455A0800A90AB3 /* Build configuration list for PBXNativeTarget "DivideSmart" */;
			buildPhases = (
				849C59202C455A0700A90AB3 /* Sources */,
				849C59212C455A0700A90AB3 /* Frameworks */,
				849C59222C455A0700A90AB3 /* Resources */,
			);
			buildRules = (
			);
			dependencies = (
			);
			name = DivideSmart;
			packageProductDependencies = (
			);
			productName = DivideSmart;
			productReference = 849C59242C455A0700A90AB3 /* DivideSmart.app */;
			productType = "com.apple.product-type.application";
		};
		849C59352C455A0800A90AB3 /* DivideSmartTests */ = {
			isa = PBXNativeTarget;
			buildConfigurationList = 849C594D2C455A0800A90AB3 /* Build configuration list for PBXNativeTarget "DivideSmartTests" */;
			buildPhases = (
				849C59322C455A0800A90AB3 /* Sources */,
				849C59332C455A0800A90AB3 /* Frameworks */,
				849C59342C455A0800A90AB3 /* Resources */,
			);
			buildRules = (
			);
			dependencies = (
				849C59382C455A0800A90AB3 /* PBXTargetDependency */,
			);
			name = DivideSmartTests;
			productName = DivideSmartTests;
			productReference = 849C59362C455A0800A90AB3 /* DivideSmartTests.xctest */;
			productType = "com.apple.product-type.bundle.unit-test";
		};
		849C593F2C455A0800A90AB3 /* DivideSmartUITests */ = {
			isa = PBXNativeTarget;
			buildConfigurationList = 849C59502C455A0800A90AB3 /* Build configuration list for PBXNativeTarget "DivideSmartUITests" */;
			buildPhases = (
				849C593C2C455A0800A90AB3 /* Sources */,
				849C593D2C455A0800A90AB3 /* Frameworks */,
				849C593E2C455A0800A90AB3 /* Resources */,
			);
			buildRules = (
			);
			dependencies = (
				849C59422C455A0800A90AB3 /* PBXTargetDependency */,
			);
			name = DivideSmartUITests;
			productName = DivideSmartUITests;
			productReference = 849C59402C455A0800A90AB3 /* DivideSmartUITests.xctest */;
			productType = "com.apple.product-type.bundle.ui-testing";
		};
/* End PBXNativeTarget section */

/* Begin PBXProject section */
		849C591C2C455A0700A90AB3 /* Project object */ = {
			isa = PBXProject;
			attributes = {
				BuildIndependentTargetsInParallel = 1;
				LastSwiftUpdateCheck = 1540;
				LastUpgradeCheck = 1540;
				TargetAttributes = {
					849C59232C455A0700A90AB3 = {
						CreatedOnToolsVersion = 15.4;
					};
					849C59352C455A0800A90AB3 = {
						CreatedOnToolsVersion = 15.4;
						TestTargetID = 849C59232C455A0700A90AB3;
					};
					849C593F2C455A0800A90AB3 = {
						CreatedOnToolsVersion = 15.4;
						TestTargetID = 849C59232C455A0700A90AB3;
					};
				};
			};
			buildConfigurationList = 849C591F2C455A0700A90AB3 /* Build configuration list for PBXProject "DivideSmart" */;
			compatibilityVersion = "Xcode 14.0";
			developmentRegion = en;
			hasScannedForEncodings = 0;
			knownRegions = (
				en,
				Base,
			);
			mainGroup = 849C591B2C455A0700A90AB3;
			packageReferences = (
				18C11EC42C50344E002286EC /* XCRemoteSwiftPackageReference "testLibraryiOS" */,
			);
			productRefGroup = 849C59252C455A0700A90AB3 /* Products */;
			projectDirPath = "";
			projectRoot = "";
			targets = (
				849C59232C455A0700A90AB3 /* DivideSmart */,
				849C59352C455A0800A90AB3 /* DivideSmartTests */,
				849C593F2C455A0800A90AB3 /* DivideSmartUITests */,
			);
		};
/* End PBXProject section */

/* Begin PBXResourcesBuildPhase section */
		849C59222C455A0700A90AB3 /* Resources */ = {
			isa = PBXResourcesBuildPhase;
			buildActionMask = 2147483647;
			files = (
				849C59312C455A0800A90AB3 /* Preview Assets.xcassets in Resources */,
				849C592E2C455A0800A90AB3 /* Assets.xcassets in Resources */,
			);
			runOnlyForDeploymentPostprocessing = 0;
		};
		849C59342C455A0800A90AB3 /* Resources */ = {
			isa = PBXResourcesBuildPhase;
			buildActionMask = 2147483647;
			files = (
			);
			runOnlyForDeploymentPostprocessing = 0;
		};
		849C593E2C455A0800A90AB3 /* Resources */ = {
			isa = PBXResourcesBuildPhase;
			buildActionMask = 2147483647;
			files = (
			);
			runOnlyForDeploymentPostprocessing = 0;
		};
/* End PBXResourcesBuildPhase section */

/* Begin PBXSourcesBuildPhase section */
		849C59202C455A0700A90AB3 /* Sources */ = {
			isa = PBXSourcesBuildPhase;
			buildActionMask = 2147483647;
			files = (
				1854698E2C4C533800AD9144 /* ProfileView.swift in Sources */,
				1854698C2C4C0B2100AD9144 /* Tab.swift in Sources */,
				185469902C4C5E1B00AD9144 /* DivideListView.swift in Sources */,
				849C592A2C455A0700A90AB3 /* ContentView.swift in Sources */,
				849C59282C455A0700A90AB3 /* DivideSmartApp.swift in Sources */,
			);
			runOnlyForDeploymentPostprocessing = 0;
		};
		849C59322C455A0800A90AB3 /* Sources */ = {
			isa = PBXSourcesBuildPhase;
			buildActionMask = 2147483647;
			files = (
				849C593B2C455A0800A90AB3 /* DivideSmartTests.swift in Sources */,
			);
			runOnlyForDeploymentPostprocessing = 0;
		};
		849C593C2C455A0800A90AB3 /* Sources */ = {
			isa = PBXSourcesBuildPhase;
			buildActionMask = 2147483647;
			files = (
				849C59452C455A0800A90AB3 /* DivideSmartUITests.swift in Sources */,
				849C59472C455A0800A90AB3 /* DivideSmartUITestsLaunchTests.swift in Sources */,
			);
			runOnlyForDeploymentPostprocessing = 0;
		};
/* End PBXSourcesBuildPhase section */

/* Begin PBXTargetDependency section */
		849C59382C455A0800A90AB3 /* PBXTargetDependency */ = {
			isa = PBXTargetDependency;
			target = 849C59232C455A0700A90AB3 /* DivideSmart */;
			targetProxy = 849C59372C455A0800A90AB3 /* PBXContainerItemProxy */;
		};
		849C59422C455A0800A90AB3 /* PBXTargetDependency */ = {
			isa = PBXTargetDependency;
			target = 849C59232C455A0700A90AB3 /* DivideSmart */;
			targetProxy = 849C59412C455A0800A90AB3 /* PBXContainerItemProxy */;
		};
/* End PBXTargetDependency section */

/* Begin XCBuildConfiguration section */
		849C59482C455A0800A90AB3 /* Debug */ = {
			isa = XCBuildConfiguration;
			buildSettings = {
				ALWAYS_SEARCH_USER_PATHS = NO;
				ASSETCATALOG_COMPILER_GENERATE_SWIFT_ASSET_SYMBOL_EXTENSIONS = YES;
				CLANG_ANALYZER_NONNULL = YES;
				CLANG_ANALYZER_NUMBER_OBJECT_CONVERSION = YES_AGGRESSIVE;
				CLANG_CXX_LANGUAGE_STANDARD = "gnu++20";
				CLANG_ENABLE_MODULES = YES;
				CLANG_ENABLE_OBJC_ARC = YES;
				CLANG_ENABLE_OBJC_WEAK = YES;
				CLANG_WARN_BLOCK_CAPTURE_AUTORELEASING = YES;
				CLANG_WARN_BOOL_CONVERSION = YES;
				CLANG_WARN_COMMA = YES;
				CLANG_WARN_CONSTANT_CONVERSION = YES;
				CLANG_WARN_DEPRECATED_OBJC_IMPLEMENTATIONS = YES;
				CLANG_WARN_DIRECT_OBJC_ISA_USAGE = YES_ERROR;
				CLANG_WARN_DOCUMENTATION_COMMENTS = YES;
				CLANG_WARN_EMPTY_BODY = YES;
				CLANG_WARN_ENUM_CONVERSION = YES;
				CLANG_WARN_INFINITE_RECURSION = YES;
				CLANG_WARN_INT_CONVERSION = YES;
				CLANG_WARN_NON_LITERAL_NULL_CONVERSION = YES;
				CLANG_WARN_OBJC_IMPLICIT_RETAIN_SELF = YES;
				CLANG_WARN_OBJC_LITERAL_CONVERSION = YES;
				CLANG_WARN_OBJC_ROOT_CLASS = YES_ERROR;
				CLANG_WARN_QUOTED_INCLUDE_IN_FRAMEWORK_HEADER = YES;
				CLANG_WARN_RANGE_LOOP_ANALYSIS = YES;
				CLANG_WARN_STRICT_PROTOTYPES = YES;
				CLANG_WARN_SUSPICIOUS_MOVE = YES;
				CLANG_WARN_UNGUARDED_AVAILABILITY = YES_AGGRESSIVE;
				CLANG_WARN_UNREACHABLE_CODE = YES;
				CLANG_WARN__DUPLICATE_METHOD_MATCH = YES;
				COPY_PHASE_STRIP = NO;
				DEBUG_INFORMATION_FORMAT = dwarf;
				ENABLE_STRICT_OBJC_MSGSEND = YES;
				ENABLE_TESTABILITY = YES;
				ENABLE_USER_SCRIPT_SANDBOXING = YES;
				GCC_C_LANGUAGE_STANDARD = gnu17;
				GCC_DYNAMIC_NO_PIC = NO;
				GCC_NO_COMMON_BLOCKS = YES;
				GCC_OPTIMIZATION_LEVEL = 0;
				GCC_PREPROCESSOR_DEFINITIONS = (
					"DEBUG=1",
					"$(inherited)",
				);
				GCC_WARN_64_TO_32_BIT_CONVERSION = YES;
				GCC_WARN_ABOUT_RETURN_TYPE = YES_ERROR;
				GCC_WARN_UNDECLARED_SELECTOR = YES;
				GCC_WARN_UNINITIALIZED_AUTOS = YES_AGGRESSIVE;
				GCC_WARN_UNUSED_FUNCTION = YES;
				GCC_WARN_UNUSED_VARIABLE = YES;
				IPHONEOS_DEPLOYMENT_TARGET = 17.5;
				LOCALIZATION_PREFERS_STRING_CATALOGS = YES;
				MTL_ENABLE_DEBUG_INFO = INCLUDE_SOURCE;
				MTL_FAST_MATH = YES;
				ONLY_ACTIVE_ARCH = YES;
				SDKROOT = iphoneos;
				SWIFT_ACTIVE_COMPILATION_CONDITIONS = "DEBUG $(inherited)";
				SWIFT_OPTIMIZATION_LEVEL = "-Onone";
			};
			name = Debug;
		};
		849C59492C455A0800A90AB3 /* Release */ = {
			isa = XCBuildConfiguration;
			buildSettings = {
				ALWAYS_SEARCH_USER_PATHS = NO;
				ASSETCATALOG_COMPILER_GENERATE_SWIFT_ASSET_SYMBOL_EXTENSIONS = YES;
				CLANG_ANALYZER_NONNULL = YES;
				CLANG_ANALYZER_NUMBER_OBJECT_CONVERSION = YES_AGGRESSIVE;
				CLANG_CXX_LANGUAGE_STANDARD = "gnu++20";
				CLANG_ENABLE_MODULES = YES;
				CLANG_ENABLE_OBJC_ARC = YES;
				CLANG_ENABLE_OBJC_WEAK = YES;
				CLANG_WARN_BLOCK_CAPTURE_AUTORELEASING = YES;
				CLANG_WARN_BOOL_CONVERSION = YES;
				CLANG_WARN_COMMA = YES;
				CLANG_WARN_CONSTANT_CONVERSION = YES;
				CLANG_WARN_DEPRECATED_OBJC_IMPLEMENTATIONS = YES;
				CLANG_WARN_DIRECT_OBJC_ISA_USAGE = YES_ERROR;
				CLANG_WARN_DOCUMENTATION_COMMENTS = YES;
				CLANG_WARN_EMPTY_BODY = YES;
				CLANG_WARN_ENUM_CONVERSION = YES;
				CLANG_WARN_INFINITE_RECURSION = YES;
				CLANG_WARN_INT_CONVERSION = YES;
				CLANG_WARN_NON_LITERAL_NULL_CONVERSION = YES;
				CLANG_WARN_OBJC_IMPLICIT_RETAIN_SELF = YES;
				CLANG_WARN_OBJC_LITERAL_CONVERSION = YES;
				CLANG_WARN_OBJC_ROOT_CLASS = YES_ERROR;
				CLANG_WARN_QUOTED_INCLUDE_IN_FRAMEWORK_HEADER = YES;
				CLANG_WARN_RANGE_LOOP_ANALYSIS = YES;
				CLANG_WARN_STRICT_PROTOTYPES = YES;
				CLANG_WARN_SUSPICIOUS_MOVE = YES;
				CLANG_WARN_UNGUARDED_AVAILABILITY = YES_AGGRESSIVE;
				CLANG_WARN_UNREACHABLE_CODE = YES;
				CLANG_WARN__DUPLICATE_METHOD_MATCH = YES;
				COPY_PHASE_STRIP = NO;
				DEBUG_INFORMATION_FORMAT = "dwarf-with-dsym";
				ENABLE_NS_ASSERTIONS = NO;
				ENABLE_STRICT_OBJC_MSGSEND = YES;
				ENABLE_USER_SCRIPT_SANDBOXING = YES;
				GCC_C_LANGUAGE_STANDARD = gnu17;
				GCC_NO_COMMON_BLOCKS = YES;
				GCC_WARN_64_TO_32_BIT_CONVERSION = YES;
				GCC_WARN_ABOUT_RETURN_TYPE = YES_ERROR;
				GCC_WARN_UNDECLARED_SELECTOR = YES;
				GCC_WARN_UNINITIALIZED_AUTOS = YES_AGGRESSIVE;
				GCC_WARN_UNUSED_FUNCTION = YES;
				GCC_WARN_UNUSED_VARIABLE = YES;
				IPHONEOS_DEPLOYMENT_TARGET = 17.5;
				LOCALIZATION_PREFERS_STRING_CATALOGS = YES;
				MTL_ENABLE_DEBUG_INFO = NO;
				MTL_FAST_MATH = YES;
				SDKROOT = iphoneos;
				SWIFT_COMPILATION_MODE = wholemodule;
				VALIDATE_PRODUCT = YES;
			};
			name = Release;
		};
		849C594B2C455A0800A90AB3 /* Debug */ = {
			isa = XCBuildConfiguration;
			buildSettings = {
				ASSETCATALOG_COMPILER_APPICON_NAME = AppIcon;
				ASSETCATALOG_COMPILER_GLOBAL_ACCENT_COLOR_NAME = AccentColor;
				CODE_SIGN_STYLE = Automatic;
				CURRENT_PROJECT_VERSION = 1;
				DEVELOPMENT_ASSET_PATHS = "\"DivideSmart/Preview Content\"";
				DEVELOPMENT_TEAM = DB6K9AT64H;
				ENABLE_PREVIEWS = YES;
				GENERATE_INFOPLIST_FILE = YES;
				INFOPLIST_KEY_UIApplicationSceneManifest_Generation = YES;
				INFOPLIST_KEY_UIApplicationSupportsIndirectInputEvents = YES;
				INFOPLIST_KEY_UILaunchScreen_Generation = YES;
				INFOPLIST_KEY_UISupportedInterfaceOrientations_iPad = "UIInterfaceOrientationPortrait UIInterfaceOrientationPortraitUpsideDown UIInterfaceOrientationLandscapeLeft UIInterfaceOrientationLandscapeRight";
				INFOPLIST_KEY_UISupportedInterfaceOrientations_iPhone = "UIInterfaceOrientationPortrait UIInterfaceOrientationLandscapeLeft UIInterfaceOrientationLandscapeRight";
				LD_RUNPATH_SEARCH_PATHS = (
					"$(inherited)",
					"@executable_path/Frameworks",
				);
				MARKETING_VERSION = 1.0;
				PRODUCT_BUNDLE_IDENTIFIER = "Shirayo-s-own.DivideSmart";
				PRODUCT_NAME = "$(TARGET_NAME)";
				SWIFT_EMIT_LOC_STRINGS = YES;
				SWIFT_VERSION = 5.0;
				TARGETED_DEVICE_FAMILY = "1,2";
			};
			name = Debug;
		};
		849C594C2C455A0800A90AB3 /* Release */ = {
			isa = XCBuildConfiguration;
			buildSettings = {
				ASSETCATALOG_COMPILER_APPICON_NAME = AppIcon;
				ASSETCATALOG_COMPILER_GLOBAL_ACCENT_COLOR_NAME = AccentColor;
				CODE_SIGN_STYLE = Automatic;
				CURRENT_PROJECT_VERSION = 1;
				DEVELOPMENT_ASSET_PATHS = "\"DivideSmart/Preview Content\"";
				DEVELOPMENT_TEAM = DB6K9AT64H;
				ENABLE_PREVIEWS = YES;
				GENERATE_INFOPLIST_FILE = YES;
				INFOPLIST_KEY_UIApplicationSceneManifest_Generation = YES;
				INFOPLIST_KEY_UIApplicationSupportsIndirectInputEvents = YES;
				INFOPLIST_KEY_UILaunchScreen_Generation = YES;
				INFOPLIST_KEY_UISupportedInterfaceOrientations_iPad = "UIInterfaceOrientationPortrait UIInterfaceOrientationPortraitUpsideDown UIInterfaceOrientationLandscapeLeft UIInterfaceOrientationLandscapeRight";
				INFOPLIST_KEY_UISupportedInterfaceOrientations_iPhone = "UIInterfaceOrientationPortrait UIInterfaceOrientationLandscapeLeft UIInterfaceOrientationLandscapeRight";
				LD_RUNPATH_SEARCH_PATHS = (
					"$(inherited)",
					"@executable_path/Frameworks",
				);
				MARKETING_VERSION = 1.0;
				PRODUCT_BUNDLE_IDENTIFIER = "Shirayo-s-own.DivideSmart";
				PRODUCT_NAME = "$(TARGET_NAME)";
				SWIFT_EMIT_LOC_STRINGS = YES;
				SWIFT_VERSION = 5.0;
				TARGETED_DEVICE_FAMILY = "1,2";
			};
			name = Release;
		};
		849C594E2C455A0800A90AB3 /* Debug */ = {
			isa = XCBuildConfiguration;
			buildSettings = {
				ALWAYS_EMBED_SWIFT_STANDARD_LIBRARIES = YES;
				BUNDLE_LOADER = "$(TEST_HOST)";
				CODE_SIGN_STYLE = Automatic;
				CURRENT_PROJECT_VERSION = 1;
				DEVELOPMENT_TEAM = DB6K9AT64H;
				GENERATE_INFOPLIST_FILE = YES;
				IPHONEOS_DEPLOYMENT_TARGET = 17.5;
				MARKETING_VERSION = 1.0;
				PRODUCT_BUNDLE_IDENTIFIER = "Shirayo-s-own.DivideSmartTests";
				PRODUCT_NAME = "$(TARGET_NAME)";
				SWIFT_EMIT_LOC_STRINGS = NO;
				SWIFT_VERSION = 5.0;
				TARGETED_DEVICE_FAMILY = "1,2";
				TEST_HOST = "$(BUILT_PRODUCTS_DIR)/DivideSmart.app/$(BUNDLE_EXECUTABLE_FOLDER_PATH)/DivideSmart";
			};
			name = Debug;
		};
		849C594F2C455A0800A90AB3 /* Release */ = {
			isa = XCBuildConfiguration;
			buildSettings = {
				ALWAYS_EMBED_SWIFT_STANDARD_LIBRARIES = YES;
				BUNDLE_LOADER = "$(TEST_HOST)";
				CODE_SIGN_STYLE = Automatic;
				CURRENT_PROJECT_VERSION = 1;
				DEVELOPMENT_TEAM = DB6K9AT64H;
				GENERATE_INFOPLIST_FILE = YES;
				IPHONEOS_DEPLOYMENT_TARGET = 17.5;
				MARKETING_VERSION = 1.0;
				PRODUCT_BUNDLE_IDENTIFIER = "Shirayo-s-own.DivideSmartTests";
				PRODUCT_NAME = "$(TARGET_NAME)";
				SWIFT_EMIT_LOC_STRINGS = NO;
				SWIFT_VERSION = 5.0;
				TARGETED_DEVICE_FAMILY = "1,2";
				TEST_HOST = "$(BUILT_PRODUCTS_DIR)/DivideSmart.app/$(BUNDLE_EXECUTABLE_FOLDER_PATH)/DivideSmart";
			};
			name = Release;
		};
		849C59512C455A0800A90AB3 /* Debug */ = {
			isa = XCBuildConfiguration;
			buildSettings = {
				ALWAYS_EMBED_SWIFT_STANDARD_LIBRARIES = YES;
				CODE_SIGN_STYLE = Automatic;
				CURRENT_PROJECT_VERSION = 1;
				DEVELOPMENT_TEAM = DB6K9AT64H;
				GENERATE_INFOPLIST_FILE = YES;
				MARKETING_VERSION = 1.0;
				PRODUCT_BUNDLE_IDENTIFIER = "Shirayo-s-own.DivideSmartUITests";
				PRODUCT_NAME = "$(TARGET_NAME)";
				SWIFT_EMIT_LOC_STRINGS = NO;
				SWIFT_VERSION = 5.0;
				TARGETED_DEVICE_FAMILY = "1,2";
				TEST_TARGET_NAME = DivideSmart;
			};
			name = Debug;
		};
		849C59522C455A0800A90AB3 /* Release */ = {
			isa = XCBuildConfiguration;
			buildSettings = {
				ALWAYS_EMBED_SWIFT_STANDARD_LIBRARIES = YES;
				CODE_SIGN_STYLE = Automatic;
				CURRENT_PROJECT_VERSION = 1;
				DEVELOPMENT_TEAM = DB6K9AT64H;
				GENERATE_INFOPLIST_FILE = YES;
				MARKETING_VERSION = 1.0;
				PRODUCT_BUNDLE_IDENTIFIER = "Shirayo-s-own.DivideSmartUITests";
				PRODUCT_NAME = "$(TARGET_NAME)";
				SWIFT_EMIT_LOC_STRINGS = NO;
				SWIFT_VERSION = 5.0;
				TARGETED_DEVICE_FAMILY = "1,2";
				TEST_TARGET_NAME = DivideSmart;
			};
			name = Release;
		};
/* End XCBuildConfiguration section */

/* Begin XCConfigurationList section */
		849C591F2C455A0700A90AB3 /* Build configuration list for PBXProject "DivideSmart" */ = {
			isa = XCConfigurationList;
			buildConfigurations = (
				849C59482C455A0800A90AB3 /* Debug */,
				849C59492C455A0800A90AB3 /* Release */,
			);
			defaultConfigurationIsVisible = 0;
			defaultConfigurationName = Release;
		};
		849C594A2C455A0800A90AB3 /* Build configuration list for PBXNativeTarget "DivideSmart" */ = {
			isa = XCConfigurationList;
			buildConfigurations = (
				849C594B2C455A0800A90AB3 /* Debug */,
				849C594C2C455A0800A90AB3 /* Release */,
			);
			defaultConfigurationIsVisible = 0;
			defaultConfigurationName = Release;
		};
		849C594D2C455A0800A90AB3 /* Build configuration list for PBXNativeTarget "DivideSmartTests" */ = {
			isa = XCConfigurationList;
			buildConfigurations = (
				849C594E2C455A0800A90AB3 /* Debug */,
				849C594F2C455A0800A90AB3 /* Release */,
			);
			defaultConfigurationIsVisible = 0;
			defaultConfigurationName = Release;
		};
		849C59502C455A0800A90AB3 /* Build configuration list for PBXNativeTarget "DivideSmartUITests" */ = {
			isa = XCConfigurationList;
			buildConfigurations = (
				849C59512C455A0800A90AB3 /* Debug */,
				849C59522C455A0800A90AB3 /* Release */,
			);
			defaultConfigurationIsVisible = 0;
			defaultConfigurationName = Release;
		};
/* End XCConfigurationList section */

/* Begin XCRemoteSwiftPackageReference section */
		18C11EC42C50344E002286EC /* XCRemoteSwiftPackageReference "testLibraryiOS" */ = {
			isa = XCRemoteSwiftPackageReference;
			repositoryURL = "https://github.com/Shirayo/testLibraryiOS.git";
			requirement = {
				branch = main;
				kind = branch;
			};
		};
/* End XCRemoteSwiftPackageReference section */
	};
	rootObject = 849C591C2C455A0700A90AB3 /* Project object */;
}
